
Microsoft Visual Studio Solution File, Format Version 12.00
# Visual Studio Version 17
VisualStudioVersion = 17.7.34024.191
MinimumVisualStudioVersion = 10.0.40219.1
Project("{9A19103F-16F7-4668-BE54-9A1E7A4F7556}") = "BestCV", "BestCV\BestCV.csproj", "{98225BEE-002E-4F21-855F-203AEDFFF3F6}"
EndProject
Project("{9A19103F-16F7-4668-BE54-9A1E7A4F7556}") = "BestCV.ScheduledJob", "BestCV.ScheduledJob\BestCV.ScheduledJob.csproj", "{7E88B08D-3282-4505-BBE8-EDB916260EC5}"
EndProject
Project("{9A19103F-16F7-4668-BE54-9A1E7A4F7556}") = "BestCV.Storage", "BestCV.Storage\BestCV.Storage.csproj", "{3EAEF13A-9034-45C4-869E-25A057ECD041}"
EndProject
Project("{9A19103F-16F7-4668-BE54-9A1E7A4F7556}") = "BestCV.Core", "BestCV.Core\BestCV.Core.csproj", "{EE908D39-00A1-4574-AB6A-0955CAAD7FD3}"
EndProject
Project("{9A19103F-16F7-4668-BE54-9A1E7A4F7556}") = "BestCV.Web", "BestCV.Web\BestCV.Web.csproj", "{F3D7D005-1928-44C7-800E-E06C19A75F71}"
EndProject
Project("{9A19103F-16F7-4668-BE54-9A1E7A4F7556}") = "BestCV.Application", "BestCV.Application\BestCV.Application.csproj", "{C00A75C8-56B4-4401-A747-F7399CDA992A}"
EndProject
Project("{9A19103F-16F7-4668-BE54-9A1E7A4F7556}") = "BestCV.Domain", "BestCV.Domain\BestCV.Domain.csproj", "{7D9CA991-4761-4A32-8E9F-E9BB5274F132}"
EndProject
Project("{9A19103F-16F7-4668-BE54-9A1E7A4F7556}") = "BestCV.Employer", "BestCV.Employer\BestCV.Employer.csproj", "{AFEFACD9-CF0F-4EBE-AFFE-C4398F27C492}"
EndProject
Project("{9A19103F-16F7-4668-BE54-9A1E7A4F7556}") = "BestCV.Infrastructure", "BestCV.Infrastructure\BestCV.Infrastructure.csproj", "{DB2F06EB-44C5-40A0-8A6E-9593C34A7D52}"
EndProject
Project("{9A19103F-16F7-4668-BE54-9A1E7A4F7556}") = "BestCV.API", "BestCV.API\BestCV.API.csproj", "{BCDB089F-A0B7-4DE7-865C-5350A1EB7345}"
EndProject
Global
	GlobalSection(SolutionConfigurationPlatforms) = preSolution
		Debug|Any CPU = Debug|Any CPU
		Release|Any CPU = Release|Any CPU
	EndGlobalSection
	GlobalSection(ProjectConfigurationPlatforms) = postSolution
		{98225BEE-002E-4F21-855F-203AEDFFF3F6}.Debug|Any CPU.ActiveCfg = Debug|Any CPU
		{98225BEE-002E-4F21-855F-203AEDFFF3F6}.Debug|Any CPU.Build.0 = Debug|Any CPU
		{98225BEE-002E-4F21-855F-203AEDFFF3F6}.Release|Any CPU.ActiveCfg = Release|Any CPU
		{98225BEE-002E-4F21-855F-203AEDFFF3F6}.Release|Any CPU.Build.0 = Release|Any CPU
		{7E88B08D-3282-4505-BBE8-EDB916260EC5}.Debug|Any CPU.ActiveCfg = Debug|Any CPU
		{7E88B08D-3282-4505-BBE8-EDB916260EC5}.Debug|Any CPU.Build.0 = Debug|Any CPU
		{7E88B08D-3282-4505-BBE8-EDB916260EC5}.Release|Any CPU.ActiveCfg = Release|Any CPU
		{7E88B08D-3282-4505-BBE8-EDB916260EC5}.Release|Any CPU.Build.0 = Release|Any CPU
		{3EAEF13A-9034-45C4-869E-25A057ECD041}.Debug|Any CPU.ActiveCfg = Debug|Any CPU
		{3EAEF13A-9034-45C4-869E-25A057ECD041}.Debug|Any CPU.Build.0 = Debug|Any CPU
		{3EAEF13A-9034-45C4-869E-25A057ECD041}.Release|Any CPU.ActiveCfg = Release|Any CPU
		{3EAEF13A-9034-45C4-869E-25A057ECD041}.Release|Any CPU.Build.0 = Release|Any CPU
		{EE908D39-00A1-4574-AB6A-0955CAAD7FD3}.Debug|Any CPU.ActiveCfg = Debug|Any CPU
		{EE908D39-00A1-4574-AB6A-0955CAAD7FD3}.Debug|Any CPU.Build.0 = Debug|Any CPU
		{EE908D39-00A1-4574-AB6A-0955CAAD7FD3}.Release|Any CPU.ActiveCfg = Release|Any CPU
		{EE908D39-00A1-4574-AB6A-0955CAAD7FD3}.Release|Any CPU.Build.0 = Release|Any CPU
		{F3D7D005-1928-44C7-800E-E06C19A75F71}.Debug|Any CPU.ActiveCfg = Debug|Any CPU
		{F3D7D005-1928-44C7-800E-E06C19A75F71}.Debug|Any CPU.Build.0 = Debug|Any CPU
		{F3D7D005-1928-44C7-800E-E06C19A75F71}.Release|Any CPU.ActiveCfg = Release|Any CPU
		{F3D7D005-1928-44C7-800E-E06C19A75F71}.Release|Any CPU.Build.0 = Release|Any CPU
		{C00A75C8-56B4-4401-A747-F7399CDA992A}.Debug|Any CPU.ActiveCfg = Debug|Any CPU
		{C00A75C8-56B4-4401-A747-F7399CDA992A}.Debug|Any CPU.Build.0 = Debug|Any CPU
		{C00A75C8-56B4-4401-A747-F7399CDA992A}.Release|Any CPU.ActiveCfg = Release|Any CPU
		{C00A75C8-56B4-4401-A747-F7399CDA992A}.Release|Any CPU.Build.0 = Release|Any CPU
		{7D9CA991-4761-4A32-8E9F-E9BB5274F132}.Debug|Any CPU.ActiveCfg = Debug|Any CPU
		{7D9CA991-4761-4A32-8E9F-E9BB5274F132}.Debug|Any CPU.Build.0 = Debug|Any CPU
		{7D9CA991-4761-4A32-8E9F-E9BB5274F132}.Release|Any CPU.ActiveCfg = Release|Any CPU
		{7D9CA991-4761-4A32-8E9F-E9BB5274F132}.Release|Any CPU.Build.0 = Release|Any CPU
		{AFEFACD9-CF0F-4EBE-AFFE-C4398F27C492}.Debug|Any CPU.ActiveCfg = Debug|Any CPU
		{AFEFACD9-CF0F-4EBE-AFFE-C4398F27C492}.Debug|Any CPU.Build.0 = Debug|Any CPU
		{AFEFACD9-CF0F-4EBE-AFFE-C4398F27C492}.Release|Any CPU.ActiveCfg = Release|Any CPU
		{AFEFACD9-CF0F-4EBE-AFFE-C4398F27C492}.Release|Any CPU.Build.0 = Release|Any CPU
		{DB2F06EB-44C5-40A0-8A6E-9593C34A7D52}.Debug|Any CPU.ActiveCfg = Debug|Any CPU
		{DB2F06EB-44C5-40A0-8A6E-9593C34A7D52}.Debug|Any CPU.Build.0 = Debug|Any CPU
		{DB2F06EB-44C5-40A0-8A6E-9593C34A7D52}.Release|Any CPU.ActiveCfg = Release|Any CPU
		{DB2F06EB-44C5-40A0-8A6E-9593C34A7D52}.Release|Any CPU.Build.0 = Release|Any CPU
		{BCDB089F-A0B7-4DE7-865C-5350A1EB7345}.Debug|Any CPU.ActiveCfg = Debug|Any CPU
		{BCDB089F-A0B7-4DE7-865C-5350A1EB7345}.Debug|Any CPU.Build.0 = Debug|Any CPU
		{BCDB089F-A0B7-4DE7-865C-5350A1EB7345}.Release|Any CPU.ActiveCfg = Release|Any CPU
		{BCDB089F-A0B7-4DE7-865C-5350A1EB7345}.Release|Any CPU.Build.0 = Release|Any CPU
	EndGlobalSection
	GlobalSection(SolutionProperties) = preSolution
		HideSolutionNode = FALSE
	EndGlobalSection
	GlobalSection(ExtensibilityGlobals) = postSolution
		SolutionGuid = {F6055C60-F146-497F-983C-FE029E8A99FD}
	EndGlobalSection
EndGlobal
